// !$*UTF8*$!
{
	archiveVersion = 1;
	classes = {
	};
	objectVersion = 46;
	objects = {

/* Begin PBXBuildFile section */
		A28150E61D75177D007CDD9B /* AppDelegate.swift in Sources */ = {isa = PBXBuildFile; fileRef = A28150E51D75177D007CDD9B /* AppDelegate.swift */; };
		A28150E81D75177D007CDD9B /* ViewController.swift in Sources */ = {isa = PBXBuildFile; fileRef = A28150E71D75177D007CDD9B /* ViewController.swift */; };
		A28150EB1D75177D007CDD9B /* Main.storyboard in Resources */ = {isa = PBXBuildFile; fileRef = A28150E91D75177D007CDD9B /* Main.storyboard */; };
		A28150ED1D75177D007CDD9B /* Assets.xcassets in Resources */ = {isa = PBXBuildFile; fileRef = A28150EC1D75177D007CDD9B /* Assets.xcassets */; };
		A28150F01D75177D007CDD9B /* LaunchScreen.storyboard in Resources */ = {isa = PBXBuildFile; fileRef = A28150EE1D75177D007CDD9B /* LaunchScreen.storyboard */; };
		A28150FB1D75177D007CDD9B /* PDF_Edit_ViewerTests.swift in Sources */ = {isa = PBXBuildFile; fileRef = A28150FA1D75177D007CDD9B /* PDF_Edit_ViewerTests.swift */; };
		A28151061D75177D007CDD9B /* PDF_Edit_ViewerUITests.swift in Sources */ = {isa = PBXBuildFile; fileRef = A28151051D75177D007CDD9B /* PDF_Edit_ViewerUITests.swift */; };
/* End PBXBuildFile section */

/* Begin PBXContainerItemProxy section */
		A28150F71D75177D007CDD9B /* PBXContainerItemProxy */ = {
			isa = PBXContainerItemProxy;
			containerPortal = A28150DA1D75177D007CDD9B /* Project object */;
			proxyType = 1;
			remoteGlobalIDString = A28150E11D75177D007CDD9B;
			remoteInfo = "PDF Edit Viewer";
		};
		A28151021D75177D007CDD9B /* PBXContainerItemProxy */ = {
			isa = PBXContainerItemProxy;
			containerPortal = A28150DA1D75177D007CDD9B /* Project object */;
			proxyType = 1;
			remoteGlobalIDString = A28150E11D75177D007CDD9B;
			remoteInfo = "PDF Edit Viewer";
		};
/* End PBXContainerItemProxy section */

/* Begin PBXFileReference section */
		A28150E21D75177D007CDD9B /* PDF Edit Viewer.app */ = {isa = PBXFileReference; explicitFileType = wrapper.application; includeInIndex = 0; path = "PDF Edit Viewer.app"; sourceTree = BUILT_PRODUCTS_DIR; };
		A28150E51D75177D007CDD9B /* AppDelegate.swift */ = {isa = PBXFileReference; lastKnownFileType = sourcecode.swift; path = AppDelegate.swift; sourceTree = "<group>"; };
		A28150E71D75177D007CDD9B /* ViewController.swift */ = {isa = PBXFileReference; lastKnownFileType = sourcecode.swift; path = ViewController.swift; sourceTree = "<group>"; };
		A28150EA1D75177D007CDD9B /* Base */ = {isa = PBXFileReference; lastKnownFileType = file.storyboard; name = Base; path = Base.lproj/Main.storyboard; sourceTree = "<group>"; };
		A28150EC1D75177D007CDD9B /* Assets.xcassets */ = {isa = PBXFileReference; lastKnownFileType = folder.assetcatalog; path = Assets.xcassets; sourceTree = "<group>"; };
		A28150EF1D75177D007CDD9B /* Base */ = {isa = PBXFileReference; lastKnownFileType = file.storyboard; name = Base; path = Base.lproj/LaunchScreen.storyboard; sourceTree = "<group>"; };
		A28150F11D75177D007CDD9B /* Info.plist */ = {isa = PBXFileReference; lastKnownFileType = text.plist.xml; path = Info.plist; sourceTree = "<group>"; };
		A28150F61D75177D007CDD9B /* PDF Edit ViewerTests.xctest */ = {isa = PBXFileReference; explicitFileType = wrapper.cfbundle; includeInIndex = 0; path = "PDF Edit ViewerTests.xctest"; sourceTree = BUILT_PRODUCTS_DIR; };
		A28150FA1D75177D007CDD9B /* PDF_Edit_ViewerTests.swift */ = {isa = PBXFileReference; lastKnownFileType = sourcecode.swift; path = PDF_Edit_ViewerTests.swift; sourceTree = "<group>"; };
		A28150FC1D75177D007CDD9B /* Info.plist */ = {isa = PBXFileReference; lastKnownFileType = text.plist.xml; path = Info.plist; sourceTree = "<group>"; };
		A28151011D75177D007CDD9B /* PDF Edit ViewerUITests.xctest */ = {isa = PBXFileReference; explicitFileType = wrapper.cfbundle; includeInIndex = 0; path = "PDF Edit ViewerUITests.xctest"; sourceTree = BUILT_PRODUCTS_DIR; };
		A28151051D75177D007CDD9B /* PDF_Edit_ViewerUITests.swift */ = {isa = PBXFileReference; lastKnownFileType = sourcecode.swift; path = PDF_Edit_ViewerUITests.swift; sourceTree = "<group>"; };
		A28151071D75177D007CDD9B /* Info.plist */ = {isa = PBXFileReference; lastKnownFileType = text.plist.xml; path = Info.plist; sourceTree = "<group>"; };
/* End PBXFileReference section */

/* Begin PBXFrameworksBuildPhase section */
		A28150DF1D75177D007CDD9B /* Frameworks */ = {
			isa = PBXFrameworksBuildPhase;
			buildActionMask = 2147483647;
			files = (
			);
			runOnlyForDeploymentPostprocessing = 0;
		};
		A28150F31D75177D007CDD9B /* Frameworks */ = {
			isa = PBXFrameworksBuildPhase;
			buildActionMask = 2147483647;
			files = (
			);
			runOnlyForDeploymentPostprocessing = 0;
		};
		A28150FE1D75177D007CDD9B /* Frameworks */ = {
			isa = PBXFrameworksBuildPhase;
			buildActionMask = 2147483647;
			files = (
			);
			runOnlyForDeploymentPostprocessing = 0;
		};
/* End PBXFrameworksBuildPhase section */

/* Begin PBXGroup section */
		A28150D91D75177D007CDD9B = {
			isa = PBXGroup;
			children = (
				A28150E41D75177D007CDD9B /* PDF Edit Viewer */,
				A28150F91D75177D007CDD9B /* PDF Edit ViewerTests */,
				A28151041D75177D007CDD9B /* PDF Edit ViewerUITests */,
				A28150E31D75177D007CDD9B /* Products */,
			);
			sourceTree = "<group>";
		};
		A28150E31D75177D007CDD9B /* Products */ = {
			isa = PBXGroup;
			children = (
				A28150E21D75177D007CDD9B /* PDF Edit Viewer.app */,
				A28150F61D75177D007CDD9B /* PDF Edit ViewerTests.xctest */,
				A28151011D75177D007CDD9B /* PDF Edit ViewerUITests.xctest */,
			);
			name = Products;
			sourceTree = "<group>";
		};
		A28150E41D75177D007CDD9B /* PDF Edit Viewer */ = {
			isa = PBXGroup;
			children = (
				A28150E51D75177D007CDD9B /* AppDelegate.swift */,
				A28150E71D75177D007CDD9B /* ViewController.swift */,
				A28150E91D75177D007CDD9B /* Main.storyboard */,
				A28150EC1D75177D007CDD9B /* Assets.xcassets */,
				A28150EE1D75177D007CDD9B /* LaunchScreen.storyboard */,
				A28150F11D75177D007CDD9B /* Info.plist */,
			);
			path = "PDF Edit Viewer";
			sourceTree = "<group>";
		};
		A28150F91D75177D007CDD9B /* PDF Edit ViewerTests */ = {
			isa = PBXGroup;
			children = (
				A28150FA1D75177D007CDD9B /* PDF_Edit_ViewerTests.swift */,
				A28150FC1D75177D007CDD9B /* Info.plist */,
			);
			path = "PDF Edit ViewerTests";
			sourceTree = "<group>";
		};
		A28151041D75177D007CDD9B /* PDF Edit ViewerUITests */ = {
			isa = PBXGroup;
			children = (
				A28151051D75177D007CDD9B /* PDF_Edit_ViewerUITests.swift */,
				A28151071D75177D007CDD9B /* Info.plist */,
			);
			path = "PDF Edit ViewerUITests";
			sourceTree = "<group>";
		};
/* End PBXGroup section */

/* Begin PBXNativeTarget section */
		A28150E11D75177D007CDD9B /* PDF Edit Viewer */ = {
			isa = PBXNativeTarget;
			buildConfigurationList = A281510A1D75177D007CDD9B /* Build configuration list for PBXNativeTarget "PDF Edit Viewer" */;
			buildPhases = (
				A28150DE1D75177D007CDD9B /* Sources */,
				A28150DF1D75177D007CDD9B /* Frameworks */,
				A28150E01D75177D007CDD9B /* Resources */,
			);
			buildRules = (
			);
			dependencies = (
			);
			name = "PDF Edit Viewer";
			productName = "PDF Edit Viewer";
			productReference = A28150E21D75177D007CDD9B /* PDF Edit Viewer.app */;
			productType = "com.apple.product-type.application";
		};
		A28150F51D75177D007CDD9B /* PDF Edit ViewerTests */ = {
			isa = PBXNativeTarget;
			buildConfigurationList = A281510D1D75177D007CDD9B /* Build configuration list for PBXNativeTarget "PDF Edit ViewerTests" */;
			buildPhases = (
				A28150F21D75177D007CDD9B /* Sources */,
				A28150F31D75177D007CDD9B /* Frameworks */,
				A28150F41D75177D007CDD9B /* Resources */,
			);
			buildRules = (
			);
			dependencies = (
				A28150F81D75177D007CDD9B /* PBXTargetDependency */,
			);
			name = "PDF Edit ViewerTests";
			productName = "PDF Edit ViewerTests";
			productReference = A28150F61D75177D007CDD9B /* PDF Edit ViewerTests.xctest */;
			productType = "com.apple.product-type.bundle.unit-test";
		};
		A28151001D75177D007CDD9B /* PDF Edit ViewerUITests */ = {
			isa = PBXNativeTarget;
			buildConfigurationList = A28151101D75177D007CDD9B /* Build configuration list for PBXNativeTarget "PDF Edit ViewerUITests" */;
			buildPhases = (
				A28150FD1D75177D007CDD9B /* Sources */,
				A28150FE1D75177D007CDD9B /* Frameworks */,
				A28150FF1D75177D007CDD9B /* Resources */,
			);
			buildRules = (
			);
			dependencies = (
				A28151031D75177D007CDD9B /* PBXTargetDependency */,
			);
			name = "PDF Edit ViewerUITests";
			productName = "PDF Edit ViewerUITests";
			productReference = A28151011D75177D007CDD9B /* PDF Edit ViewerUITests.xctest */;
			productType = "com.apple.product-type.bundle.ui-testing";
		};
/* End PBXNativeTarget section */

/* Begin PBXProject section */
		A28150DA1D75177D007CDD9B /* Project object */ = {
			isa = PBXProject;
			attributes = {
				LastSwiftUpdateCheck = 0730;
				LastUpgradeCheck = 0730;
				ORGANIZATIONNAME = HisashiShindo;
				TargetAttributes = {
					A28150E11D75177D007CDD9B = {
						CreatedOnToolsVersion = 7.3.1;
						DevelopmentTeam = ZUTYSLAVS8;
					};
					A28150F51D75177D007CDD9B = {
						CreatedOnToolsVersion = 7.3.1;
						DevelopmentTeam = ZUTYSLAVS8;
						TestTargetID = A28150E11D75177D007CDD9B;
					};
					A28151001D75177D007CDD9B = {
						CreatedOnToolsVersion = 7.3.1;
						DevelopmentTeam = ZUTYSLAVS8;
						TestTargetID = A28150E11D75177D007CDD9B;
					};
				};
			};
			buildConfigurationList = A28150DD1D75177D007CDD9B /* Build configuration list for PBXProject "PDF Edit Viewer" */;
			compatibilityVersion = "Xcode 3.2";
			developmentRegion = English;
			hasScannedForEncodings = 0;
			knownRegions = (
				en,
				Base,
			);
			mainGroup = A28150D91D75177D007CDD9B;
			productRefGroup = A28150E31D75177D007CDD9B /* Products */;
			projectDirPath = "";
			projectRoot = "";
			targets = (
				A28150E11D75177D007CDD9B /* PDF Edit Viewer */,
				A28150F51D75177D007CDD9B /* PDF Edit ViewerTests */,
				A28151001D75177D007CDD9B /* PDF Edit ViewerUITests */,
			);
		};
/* End PBXProject section */

/* Begin PBXResourcesBuildPhase section */
		A28150E01D75177D007CDD9B /* Resources */ = {
			isa = PBXResourcesBuildPhase;
			buildActionMask = 2147483647;
			files = (
				A28150F01D75177D007CDD9B /* LaunchScreen.storyboard in Resources */,
				A28150ED1D75177D007CDD9B /* Assets.xcassets in Resources */,
				A28150EB1D75177D007CDD9B /* Main.storyboard in Resources */,
			);
			runOnlyForDeploymentPostprocessing = 0;
		};
		A28150F41D75177D007CDD9B /* Resources */ = {
			isa = PBXResourcesBuildPhase;
			buildActionMask = 2147483647;
			files = (
			);
			runOnlyForDeploymentPostprocessing = 0;
		};
		A28150FF1D75177D007CDD9B /* Resources */ = {
			isa = PBXResourcesBuildPhase;
			buildActionMask = 2147483647;
			files = (
			);
			runOnlyForDeploymentPostprocessing = 0;
		};
/* End PBXResourcesBuildPhase section */

/* Begin PBXSourcesBuildPhase section */
		A28150DE1D75177D007CDD9B /* Sources */ = {
			isa = PBXSourcesBuildPhase;
			buildActionMask = 2147483647;
			files = (
				A28150E81D75177D007CDD9B /* ViewController.swift in Sources */,
				A28150E61D75177D007CDD9B /* AppDelegate.swift in Sources */,
			);
			runOnlyForDeploymentPostprocessing = 0;
		};
		A28150F21D75177D007CDD9B /* Sources */ = {
			isa = PBXSourcesBuildPhase;
			buildActionMask = 2147483647;
			files = (
				A28150FB1D75177D007CDD9B /* PDF_Edit_ViewerTests.swift in Sources */,
			);
			runOnlyForDeploymentPostprocessing = 0;
		};
		A28150FD1D75177D007CDD9B /* Sources */ = {
			isa = PBXSourcesBuildPhase;
			buildActionMask = 2147483647;
			files = (
				A28151061D75177D007CDD9B /* PDF_Edit_ViewerUITests.swift in Sources */,
			);
			runOnlyForDeploymentPostprocessing = 0;
		};
/* End PBXSourcesBuildPhase section */

/* Begin PBXTargetDependency section */
		A28150F81D75177D007CDD9B /* PBXTargetDependency */ = {
			isa = PBXTargetDependency;
			target = A28150E11D75177D007CDD9B /* PDF Edit Viewer */;
			targetProxy = A28150F71D75177D007CDD9B /* PBXContainerItemProxy */;
		};
		A28151031D75177D007CDD9B /* PBXTargetDependency */ = {
			isa = PBXTargetDependency;
			target = A28150E11D75177D007CDD9B /* PDF Edit Viewer */;
			targetProxy = A28151021D75177D007CDD9B /* PBXContainerItemProxy */;
		};
/* End PBXTargetDependency section */

/* Begin PBXVariantGroup section */
		A28150E91D75177D007CDD9B /* Main.storyboard */ = {
			isa = PBXVariantGroup;
			children = (
				A28150EA1D75177D007CDD9B /* Base */,
			);
			name = Main.storyboard;
			sourceTree = "<group>";
		};
		A28150EE1D75177D007CDD9B /* LaunchScreen.storyboard */ = {
			isa = PBXVariantGroup;
			children = (
				A28150EF1D75177D007CDD9B /* Base */,
			);
			name = LaunchScreen.storyboard;
			sourceTree = "<group>";
		};
/* End PBXVariantGroup section */

/* Begin XCBuildConfiguration section */
		A28151081D75177D007CDD9B /* Debug */ = {
			isa = XCBuildConfiguration;
			buildSettings = {
				ALWAYS_SEARCH_USER_PATHS = NO;
				CLANG_ANALYZER_NONNULL = YES;
				CLANG_CXX_LANGUAGE_STANDARD = "gnu++0x";
				CLANG_CXX_LIBRARY = "libc++";
				CLANG_ENABLE_MODULES = YES;
				CLANG_ENABLE_OBJC_ARC = YES;
				CLANG_WARN_BOOL_CONVERSION = YES;
				CLANG_WARN_CONSTANT_CONVERSION = YES;
				CLANG_WARN_DIRECT_OBJC_ISA_USAGE = YES_ERROR;
				CLANG_WARN_EMPTY_BODY = YES;
				CLANG_WARN_ENUM_CONVERSION = YES;
				CLANG_WARN_INT_CONVERSION = YES;
				CLANG_WARN_OBJC_ROOT_CLASS = YES_ERROR;
				CLANG_WARN_UNREACHABLE_CODE = YES;
				CLANG_WARN__DUPLICATE_METHOD_MATCH = YES;
				"CODE_SIGN_IDENTITY[sdk=iphoneos*]" = "iPhone Developer";
				COPY_PHASE_STRIP = NO;
				DEBUG_INFORMATION_FORMAT = dwarf;
				ENABLE_STRICT_OBJC_MSGSEND = YES;
				ENABLE_TESTABILITY = YES;
				GCC_C_LANGUAGE_STANDARD = gnu99;
				GCC_DYNAMIC_NO_PIC = NO;
				GCC_NO_COMMON_BLOCKS = YES;
				GCC_OPTIMIZATION_LEVEL = 0;
				GCC_PREPROCESSOR_DEFINITIONS = (
					"DEBUG=1",
					"$(inherited)",
				);
				GCC_WARN_64_TO_32_BIT_CONVERSION = YES;
				GCC_WARN_ABOUT_RETURN_TYPE = YES_ERROR;
				GCC_WARN_UNDECLARED_SELECTOR = YES;
				GCC_WARN_UNINITIALIZED_AUTOS = YES_AGGRESSIVE;
				GCC_WARN_UNUSED_FUNCTION = YES;
				GCC_WARN_UNUSED_VARIABLE = YES;
				IPHONEOS_DEPLOYMENT_TARGET = 9.3;
				MTL_ENABLE_DEBUG_INFO = YES;
				ONLY_ACTIVE_ARCH = YES;
				SDKROOT = iphoneos;
				SWIFT_OPTIMIZATION_LEVEL = "-Onone";
				TARGETED_DEVICE_FAMILY = "1,2";
			};
			name = Debug;
		};
		A28151091D75177D007CDD9B /* Release */ = {
			isa = XCBuildConfiguration;
			buildSettings = {
				ALWAYS_SEARCH_USER_PATHS = NO;
				CLANG_ANALYZER_NONNULL = YES;
				CLANG_CXX_LANGUAGE_STANDARD = "gnu++0x";
				CLANG_CXX_LIBRARY = "libc++";
				CLANG_ENABLE_MODULES = YES;
				CLANG_ENABLE_OBJC_ARC = YES;
				CLANG_WARN_BOOL_CONVERSION = YES;
				CLANG_WARN_CONSTANT_CONVERSION = YES;
				CLANG_WARN_DIRECT_OBJC_ISA_USAGE = YES_ERROR;
				CLANG_WARN_EMPTY_BODY = YES;
				CLANG_WARN_ENUM_CONVERSION = YES;
				CLANG_WARN_INT_CONVERSION = YES;
				CLANG_WARN_OBJC_ROOT_CLASS = YES_ERROR;
				CLANG_WARN_UNREACHABLE_CODE = YES;
				CLANG_WARN__DUPLICATE_METHOD_MATCH = YES;
				"CODE_SIGN_IDENTITY[sdk=iphoneos*]" = "iPhone Developer";
				COPY_PHASE_STRIP = NO;
				DEBUG_INFORMATION_FORMAT = "dwarf-with-dsym";
				ENABLE_NS_ASSERTIONS = NO;
				ENABLE_STRICT_OBJC_MSGSEND = YES;
				GCC_C_LANGUAGE_STANDARD = gnu99;
				GCC_NO_COMMON_BLOCKS = YES;
				GCC_WARN_64_TO_32_BIT_CONVERSION = YES;
				GCC_WARN_ABOUT_RETURN_TYPE = YES_ERROR;
				GCC_WARN_UNDECLARED_SELECTOR = YES;
				GCC_WARN_UNINITIALIZED_AUTOS = YES_AGGRESSIVE;
				GCC_WARN_UNUSED_FUNCTION = YES;
				GCC_WARN_UNUSED_VARIABLE = YES;
				IPHONEOS_DEPLOYMENT_TARGET = 9.3;
				MTL_ENABLE_DEBUG_INFO = NO;
				SDKROOT = iphoneos;
				TARGETED_DEVICE_FAMILY = "1,2";
				VALIDATE_PRODUCT = YES;
			};
			name = Release;
		};
		A281510B1D75177D007CDD9B /* Debug */ = {
			isa = XCBuildConfiguration;
			buildSettings = {
				ASSETCATALOG_COMPILER_APPICON_NAME = AppIcon;
				INFOPLIST_FILE = "PDF Edit Viewer/Info.plist";
				LD_RUNPATH_SEARCH_PATHS = "$(inherited) @executable_path/Frameworks";
				PRODUCT_BUNDLE_IDENTIFIER = "Shindo.PDF-Edit-Viewer";
				PRODUCT_NAME = "$(TARGET_NAME)";
			};
			name = Debug;
		};
		A281510C1D75177D007CDD9B /* Release */ = {
			isa = XCBuildConfiguration;
			buildSettings = {
				ASSETCATALOG_COMPILER_APPICON_NAME = AppIcon;
				INFOPLIST_FILE = "PDF Edit Viewer/Info.plist";
				LD_RUNPATH_SEARCH_PATHS = "$(inherited) @executable_path/Frameworks";
				PRODUCT_BUNDLE_IDENTIFIER = "Shindo.PDF-Edit-Viewer";
				PRODUCT_NAME = "$(TARGET_NAME)";
			};
			name = Release;
		};
		A281510E1D75177D007CDD9B /* Debug */ = {
			isa = XCBuildConfiguration;
			buildSettings = {
				BUNDLE_LOADER = "$(TEST_HOST)";
				INFOPLIST_FILE = "PDF Edit ViewerTests/Info.plist";
				LD_RUNPATH_SEARCH_PATHS = "$(inherited) @executable_path/Frameworks @loader_path/Frameworks";
				PRODUCT_BUNDLE_IDENTIFIER = "Shindo.PDF-Edit-ViewerTests";
				PRODUCT_NAME = "$(TARGET_NAME)";
				TEST_HOST = "$(BUILT_PRODUCTS_DIR)/PDF Edit Viewer.app/PDF Edit Viewer";
			};
			name = Debug;
		};
		A281510F1D75177D007CDD9B /* Release */ = {
			isa = XCBuildConfiguration;
			buildSettings = {
				BUNDLE_LOADER = "$(TEST_HOST)";
				INFOPLIST_FILE = "PDF Edit ViewerTests/Info.plist";
				LD_RUNPATH_SEARCH_PATHS = "$(inherited) @executable_path/Frameworks @loader_path/Frameworks";
				PRODUCT_BUNDLE_IDENTIFIER = "Shindo.PDF-Edit-ViewerTests";
				PRODUCT_NAME = "$(TARGET_NAME)";
				TEST_HOST = "$(BUILT_PRODUCTS_DIR)/PDF Edit Viewer.app/PDF Edit Viewer";
			};
			name = Release;
		};
		A28151111D75177D007CDD9B /* Debug */ = {
			isa = XCBuildConfiguration;
			buildSettings = {
				INFOPLIST_FILE = "PDF Edit ViewerUITests/Info.plist";
				LD_RUNPATH_SEARCH_PATHS = "$(inherited) @executable_path/Frameworks @loader_path/Frameworks";
				PRODUCT_BUNDLE_IDENTIFIER = "Shindo.PDF-Edit-ViewerUITests";
				PRODUCT_NAME = "$(TARGET_NAME)";
				TEST_TARGET_NAME = "PDF Edit Viewer";
			};
			name = Debug;
		};
		A28151121D75177D007CDD9B /* Release */ = {
			isa = XCBuildConfiguration;
			buildSettings = {
				INFOPLIST_FILE = "PDF Edit ViewerUITests/Info.plist";
				LD_RUNPATH_SEARCH_PATHS = "$(inherited) @executable_path/Frameworks @loader_path/Frameworks";
				PRODUCT_BUNDLE_IDENTIFIER = "Shindo.PDF-Edit-ViewerUITests";
				PRODUCT_NAME = "$(TARGET_NAME)";
				TEST_TARGET_NAME = "PDF Edit Viewer";
			};
			name = Release;
		};
/* End XCBuildConfiguration section */

/* Begin XCConfigurationList section */
		A28150DD1D75177D007CDD9B /* Build configuration list for PBXProject "PDF Edit Viewer" */ = {
			isa = XCConfigurationList;
			buildConfigurations = (
				A28151081D75177D007CDD9B /* Debug */,
				A28151091D75177D007CDD9B /* Release */,
			);
			defaultConfigurationIsVisible = 0;
			defaultConfigurationName = Release;
		};
		A281510A1D75177D007CDD9B /* Build configuration list for PBXNativeTarget "PDF Edit Viewer" */ = {
			isa = XCConfigurationList;
			buildConfigurations = (
				A281510B1D75177D007CDD9B /* Debug */,
				A281510C1D75177D007CDD9B /* Release */,
			);
			defaultConfigurationIsVisible = 0;
		};
		A281510D1D75177D007CDD9B /* Build configuration list for PBXNativeTarget "PDF Edit ViewerTests" */ = {
			isa = XCConfigurationList;
			buildConfigurations = (
				A281510E1D75177D007CDD9B /* Debug */,
				A281510F1D75177D007CDD9B /* Release */,
			);
			defaultConfigurationIsVisible = 0;
		};
		A28151101D75177D007CDD9B /* Build configuration list for PBXNativeTarget "PDF Edit ViewerUITests" */ = {
			isa = XCConfigurationList;
			buildConfigurations = (
				A28151111D75177D007CDD9B /* Debug */,
				A28151121D75177D007CDD9B /* Release */,
			);
			defaultConfigurationIsVisible = 0;
		};
/* End XCConfigurationList section */
	};
	rootObject = A28150DA1D75177D007CDD9B /* Project object */;
}
